
Microsoft Visual Studio Solution File, Format Version 12.00
# Visual Studio 15
VisualStudioVersion = 15.0.26124.0
MinimumVisualStudioVersion = 15.0.26124.0
Project("{2150E333-8FDC-42A3-9474-1A3956D46DE8}") = "src", "src", "{EE35A8BB-2EFB-4400-8268-AC8244E97088}"
EndProject
Project("{FAE04EC0-301F-11D3-BF4B-00C04F79EFBC}") = "IdentityServer", "src\IdentityServer\IdentityServer.csproj", "{A46C4375-7844-4D90-AA02-D067BB570A2B}"
EndProject
Project("{FAE04EC0-301F-11D3-BF4B-00C04F79EFBC}") = "Api", "src\api\Api.csproj", "{56E89FCE-51A7-41DF-86F5-FD155A7EF7D8}"
EndProject
Project("{FAE04EC0-301F-11D3-BF4B-00C04F79EFBC}") = "Client", "src\client\Client.csproj", "{C196DB52-9D90-4A77-B4D0-012E71E073B7}"
EndProject
Global
	GlobalSection(SolutionConfigurationPlatforms) = preSolution
		Debug|Any CPU = Debug|Any CPU
		Debug|x64 = Debug|x64
		Debug|x86 = Debug|x86
		Release|Any CPU = Release|Any CPU
		Release|x64 = Release|x64
		Release|x86 = Release|x86
	EndGlobalSection
	GlobalSection(SolutionProperties) = preSolution
		HideSolutionNode = FALSE
	EndGlobalSection
	GlobalSection(ProjectConfigurationPlatforms) = postSolution
		{A46C4375-7844-4D90-AA02-D067BB570A2B}.Debug|Any CPU.ActiveCfg = Debug|Any CPU
		{A46C4375-7844-4D90-AA02-D067BB570A2B}.Debug|Any CPU.Build.0 = Debug|Any CPU
		{A46C4375-7844-4D90-AA02-D067BB570A2B}.Debug|x64.ActiveCfg = Debug|Any CPU
		{A46C4375-7844-4D90-AA02-D067BB570A2B}.Debug|x64.Build.0 = Debug|Any CPU
		{A46C4375-7844-4D90-AA02-D067BB570A2B}.Debug|x86.ActiveCfg = Debug|Any CPU
		{A46C4375-7844-4D90-AA02-D067BB570A2B}.Debug|x86.Build.0 = Debug|Any CPU
		{A46C4375-7844-4D90-AA02-D067BB570A2B}.Release|Any CPU.ActiveCfg = Release|Any CPU
		{A46C4375-7844-4D90-AA02-D067BB570A2B}.Release|Any CPU.Build.0 = Release|Any CPU
		{A46C4375-7844-4D90-AA02-D067BB570A2B}.Release|x64.ActiveCfg = Release|Any CPU
		{A46C4375-7844-4D90-AA02-D067BB570A2B}.Release|x64.Build.0 = Release|Any CPU
		{A46C4375-7844-4D90-AA02-D067BB570A2B}.Release|x86.ActiveCfg = Release|Any CPU
		{A46C4375-7844-4D90-AA02-D067BB570A2B}.Release|x86.Build.0 = Release|Any CPU
		{56E89FCE-51A7-41DF-86F5-FD155A7EF7D8}.Debug|Any CPU.ActiveCfg = Debug|Any CPU
		{56E89FCE-51A7-41DF-86F5-FD155A7EF7D8}.Debug|Any CPU.Build.0 = Debug|Any CPU
		{56E89FCE-51A7-41DF-86F5-FD155A7EF7D8}.Debug|x64.ActiveCfg = Debug|Any CPU
		{56E89FCE-51A7-41DF-86F5-FD155A7EF7D8}.Debug|x64.Build.0 = Debug|Any CPU
		{56E89FCE-51A7-41DF-86F5-FD155A7EF7D8}.Debug|x86.ActiveCfg = Debug|Any CPU
		{56E89FCE-51A7-41DF-86F5-FD155A7EF7D8}.Debug|x86.Build.0 = Debug|Any CPU
		{56E89FCE-51A7-41DF-86F5-FD155A7EF7D8}.Release|Any CPU.ActiveCfg = Release|Any CPU
		{56E89FCE-51A7-41DF-86F5-FD155A7EF7D8}.Release|Any CPU.Build.0 = Release|Any CPU
		{56E89FCE-51A7-41DF-86F5-FD155A7EF7D8}.Release|x64.ActiveCfg = Release|Any CPU
		{56E89FCE-51A7-41DF-86F5-FD155A7EF7D8}.Release|x64.Build.0 = Release|Any CPU
		{56E89FCE-51A7-41DF-86F5-FD155A7EF7D8}.Release|x86.ActiveCfg = Release|Any CPU
		{56E89FCE-51A7-41DF-86F5-FD155A7EF7D8}.Release|x86.Build.0 = Release|Any CPU
		{C196DB52-9D90-4A77-B4D0-012E71E073B7}.Debug|Any CPU.ActiveCfg = Debug|Any CPU
		{C196DB52-9D90-4A77-B4D0-012E71E073B7}.Debug|Any CPU.Build.0 = Debug|Any CPU
		{C196DB52-9D90-4A77-B4D0-012E71E073B7}.Debug|x64.ActiveCfg = Debug|Any CPU
		{C196DB52-9D90-4A77-B4D0-012E71E073B7}.Debug|x64.Build.0 = Debug|Any CPU
		{C196DB52-9D90-4A77-B4D0-012E71E073B7}.Debug|x86.ActiveCfg = Debug|Any CPU
		{C196DB52-9D90-4A77-B4D0-012E71E073B7}.Debug|x86.Build.0 = Debug|Any CPU
		{C196DB52-9D90-4A77-B4D0-012E71E073B7}.Release|Any CPU.ActiveCfg = Release|Any CPU
		{C196DB52-9D90-4A77-B4D0-012E71E073B7}.Release|Any CPU.Build.0 = Release|Any CPU
		{C196DB52-9D90-4A77-B4D0-012E71E073B7}.Release|x64.ActiveCfg = Release|Any CPU
		{C196DB52-9D90-4A77-B4D0-012E71E073B7}.Release|x64.Build.0 = Release|Any CPU
		{C196DB52-9D90-4A77-B4D0-012E71E073B7}.Release|x86.ActiveCfg = Release|Any CPU
		{C196DB52-9D90-4A77-B4D0-012E71E073B7}.Release|x86.Build.0 = Release|Any CPU
	EndGlobalSection
	GlobalSection(NestedProjects) = preSolution
		{A46C4375-7844-4D90-AA02-D067BB570A2B} = {EE35A8BB-2EFB-4400-8268-AC8244E97088}
		{56E89FCE-51A7-41DF-86F5-FD155A7EF7D8} = {EE35A8BB-2EFB-4400-8268-AC8244E97088}
		{C196DB52-9D90-4A77-B4D0-012E71E073B7} = {EE35A8BB-2EFB-4400-8268-AC8244E97088}
	EndGlobalSection
EndGlobal
